
Microsoft Visual Studio Solution File, Format Version 12.00
# Visual Studio Version 17
VisualStudioVersion = 17.14.36121.58
MinimumVisualStudioVersion = 10.0.40219.1
Project("{E24C65DC-7377-472B-9ABA-BC803B73C61A}") = "bixi-ui", "bixi-ui\", "{9887FF95-F754-5D9F-DCD8-3855F865C527}"
	ProjectSection(WebsiteProperties) = preProject
		TargetFrameworkMoniker = ".NETFramework,Version%3Dv4.8"
		Debug.AspNetCompiler.VirtualPath = "/localhost_64845"
		Debug.AspNetCompiler.PhysicalPath = "bixi-ui\"
		Debug.AspNetCompiler.TargetPath = "PrecompiledWeb\localhost_64845\"
		Debug.AspNetCompiler.Updateable = "true"
		Debug.AspNetCompiler.ForceOverwrite = "true"
		Debug.AspNetCompiler.FixedNames = "false"
		Debug.AspNetCompiler.Debug = "True"
		Release.AspNetCompiler.VirtualPath = "/localhost_64845"
		Release.AspNetCompiler.PhysicalPath = "bixi-ui\"
		Release.AspNetCompiler.TargetPath = "PrecompiledWeb\localhost_64845\"
		Release.AspNetCompiler.Updateable = "true"
		Release.AspNetCompiler.ForceOverwrite = "true"
		Release.AspNetCompiler.FixedNames = "false"
		Release.AspNetCompiler.Debug = "False"
		VWDPort = "64845"
		SlnRelativePath = "bixi-ui\"
	EndProjectSection
EndProject
Project("{FAE04EC0-301F-11D3-BF4B-00C04F79EFBC}") = "Equisoft_Bixi.WebApi", "Equisoft_Bixi.WebApi\Equisoft_Bixi.WebApi.csproj", "{100338EA-3BEA-452E-8FE5-08EF91406501}"
EndProject
Global
	GlobalSection(SolutionConfigurationPlatforms) = preSolution
		Debug|Any CPU = Debug|Any CPU
		Release|Any CPU = Release|Any CPU
	EndGlobalSection
	GlobalSection(ProjectConfigurationPlatforms) = postSolution
		{9887FF95-F754-5D9F-DCD8-3855F865C527}.Debug|Any CPU.ActiveCfg = Debug|Any CPU
		{9887FF95-F754-5D9F-DCD8-3855F865C527}.Debug|Any CPU.Build.0 = Debug|Any CPU
		{9887FF95-F754-5D9F-DCD8-3855F865C527}.Release|Any CPU.ActiveCfg = Debug|Any CPU
		{9887FF95-F754-5D9F-DCD8-3855F865C527}.Release|Any CPU.Build.0 = Debug|Any CPU
		{100338EA-3BEA-452E-8FE5-08EF91406501}.Debug|Any CPU.ActiveCfg = Debug|Any CPU
		{100338EA-3BEA-452E-8FE5-08EF91406501}.Debug|Any CPU.Build.0 = Debug|Any CPU
		{100338EA-3BEA-452E-8FE5-08EF91406501}.Release|Any CPU.ActiveCfg = Release|Any CPU
		{100338EA-3BEA-452E-8FE5-08EF91406501}.Release|Any CPU.Build.0 = Release|Any CPU
	EndGlobalSection
	GlobalSection(SolutionProperties) = preSolution
		HideSolutionNode = FALSE
	EndGlobalSection
	GlobalSection(ExtensibilityGlobals) = postSolution
		SolutionGuid = {11E0218B-FCCA-4EDF-A6DA-A2DDCE7D927F}
	EndGlobalSection
EndGlobal
